
Microsoft Visual Studio Solution File, Format Version 12.00
# Visual Studio Version 17
VisualStudioVersion = 17.10.35027.167
MinimumVisualStudioVersion = 10.0.40219.1
Project("{FAE04EC0-301F-11D3-BF4B-00C04F79EFBC}") = "CnpjValidate", "CnpjValidate\CnpjValidate.csproj", "{493E7857-8597-46C6-B28F-4976ED2EFB36}"
EndProject
Global
	GlobalSection(SolutionConfigurationPlatforms) = preSolution
		Debug|Any CPU = Debug|Any CPU
		Release|Any CPU = Release|Any CPU
	EndGlobalSection
	GlobalSection(ProjectConfigurationPlatforms) = postSolution
		{493E7857-8597-46C6-B28F-4976ED2EFB36}.Debug|Any CPU.ActiveCfg = Debug|Any CPU
		{493E7857-8597-46C6-B28F-4976ED2EFB36}.Debug|Any CPU.Build.0 = Debug|Any CPU
		{493E7857-8597-46C6-B28F-4976ED2EFB36}.Release|Any CPU.ActiveCfg = Release|Any CPU
		{493E7857-8597-46C6-B28F-4976ED2EFB36}.Release|Any CPU.Build.0 = Release|Any CPU
	EndGlobalSection
	GlobalSection(SolutionProperties) = preSolution
		HideSolutionNode = FALSE
	EndGlobalSection
	GlobalSection(ExtensibilityGlobals) = postSolution
		SolutionGuid = {1DBB7CE6-1A0D-47FC-9987-4C0BB47B17B2}
	EndGlobalSection
EndGlobal
